Microsoft Visual Studio Solution File, Format Version 12.00
# Visual Studio Version 17
VisualStudioVersion = 17.5.2.0
MinimumVisualStudioVersion = 10.0.40219.1
Project("{FAE04EC0-301F-11D3-BF4B-00C04F79EFBC}") = "OrderProcessingPipeline", "OrderProcessingPipeline.csproj", "{E0C4610F-0C1C-E703-A811-8BACC4D36C4D}"
EndProject
Global
	GlobalSection(SolutionConfigurationPlatforms) = preSolution
		Debug|Any CPU = Debug|Any CPU
		Release|Any CPU = Release|Any CPU
	EndGlobalSection
	GlobalSection(ProjectConfigurationPlatforms) = postSolution
		{E0C4610F-0C1C-E703-A811-8BACC4D36C4D}.Debug|Any CPU.ActiveCfg = Debug|Any CPU
		{E0C4610F-0C1C-E703-A811-8BACC4D36C4D}.Debug|Any CPU.Build.0 = Debug|Any CPU
		{E0C4610F-0C1C-E703-A811-8BACC4D36C4D}.Release|Any CPU.ActiveCfg = Release|Any CPU
		{E0C4610F-0C1C-E703-A811-8BACC4D36C4D}.Release|Any CPU.Build.0 = Release|Any CPU
	EndGlobalSection
	GlobalSection(SolutionProperties) = preSolution
		HideSolutionNode = FALSE
	EndGlobalSection
	GlobalSection(ExtensibilityGlobals) = postSolution
		SolutionGuid = {6F032F19-EEEA-4919-B6E0-E923276A566F}
	EndGlobalSection
EndGlobal
